
Microsoft Visual Studio Solution File, Format Version 12.00
# Visual Studio Version 17
VisualStudioVersion = 17.8.34330.188
MinimumVisualStudioVersion = 10.0.40219.1
Project("{9A19103F-16F7-4668-BE54-9A1E7A4F7556}") = "XST.Exam", "XST.Exam\XST.Exam.csproj", "{72913CA0-5547-43DD-916B-427D8C0661C8}"
EndProject
Project("{9A19103F-16F7-4668-BE54-9A1E7A4F7556}") = "XST.Exam.Android", "XST.Exam.Android\XST.Exam.Android.csproj", "{94B91B60-5844-478F-8D78-E3183C10199D}"
EndProject
Project("{9A19103F-16F7-4668-BE54-9A1E7A4F7556}") = "XST.Exam.Desktop", "XST.Exam.Desktop\XST.Exam.Desktop.csproj", "{9F8DD2FF-7485-4CB7-B37C-7CE7A97C890D}"
EndProject
Global
	GlobalSection(SolutionConfigurationPlatforms) = preSolution
		Debug|Any CPU = Debug|Any CPU
		Release|Any CPU = Release|Any CPU
	EndGlobalSection
	GlobalSection(ProjectConfigurationPlatforms) = postSolution
		{72913CA0-5547-43DD-916B-427D8C0661C8}.Debug|Any CPU.ActiveCfg = Debug|Any CPU
		{72913CA0-5547-43DD-916B-427D8C0661C8}.Debug|Any CPU.Build.0 = Debug|Any CPU
		{72913CA0-5547-43DD-916B-427D8C0661C8}.Release|Any CPU.ActiveCfg = Release|Any CPU
		{72913CA0-5547-43DD-916B-427D8C0661C8}.Release|Any CPU.Build.0 = Release|Any CPU
		{94B91B60-5844-478F-8D78-E3183C10199D}.Debug|Any CPU.ActiveCfg = Debug|Any CPU
		{94B91B60-5844-478F-8D78-E3183C10199D}.Debug|Any CPU.Build.0 = Debug|Any CPU
		{94B91B60-5844-478F-8D78-E3183C10199D}.Debug|Any CPU.Deploy.0 = Debug|Any CPU
		{94B91B60-5844-478F-8D78-E3183C10199D}.Release|Any CPU.ActiveCfg = Release|Any CPU
		{94B91B60-5844-478F-8D78-E3183C10199D}.Release|Any CPU.Build.0 = Release|Any CPU
		{94B91B60-5844-478F-8D78-E3183C10199D}.Release|Any CPU.Deploy.0 = Release|Any CPU
		{9F8DD2FF-7485-4CB7-B37C-7CE7A97C890D}.Debug|Any CPU.ActiveCfg = Debug|Any CPU
		{9F8DD2FF-7485-4CB7-B37C-7CE7A97C890D}.Debug|Any CPU.Build.0 = Debug|Any CPU
		{9F8DD2FF-7485-4CB7-B37C-7CE7A97C890D}.Release|Any CPU.ActiveCfg = Release|Any CPU
		{9F8DD2FF-7485-4CB7-B37C-7CE7A97C890D}.Release|Any CPU.Build.0 = Release|Any CPU
	EndGlobalSection
	GlobalSection(SolutionProperties) = preSolution
		HideSolutionNode = FALSE
	EndGlobalSection
	GlobalSection(ExtensibilityGlobals) = postSolution
		SolutionGuid = {129F7D8A-0EA0-4690-8D4C-D67AD5B1B816}
	EndGlobalSection
EndGlobal
